// !$*UTF8*$!
{
	archiveVersion = 1;
	classes = {
	};
	objectVersion = 77;
	objects = {

/* Begin PBXContainerItemProxy section */
		270030E92F3AF74C006ACAC9 /* PBXContainerItemProxy */ = {
			isa = PBXContainerItemProxy;
			containerPortal = 270030CA2F3AF74A006ACAC9 /* Project object */;
			proxyType = 1;
			remoteGlobalIDString = 270030D12F3AF74A006ACAC9;
			remoteInfo = AutoLayouts;
		};
		270030F32F3AF74C006ACAC9 /* PBXContainerItemProxy */ = {
			isa = PBXContainerItemProxy;
			containerPortal = 270030CA2F3AF74A006ACAC9 /* Project object */;
			proxyType = 1;
			remoteGlobalIDString = 270030D12F3AF74A006ACAC9;
			remoteInfo = AutoLayouts;
		};
/* End PBXContainerItemProxy section */

/* Begin PBXFileReference section */
		270030D22F3AF74A006ACAC9 /* AutoLayouts.app */ = {isa = PBXFileReference; explicitFileType = wrapper.application; includeInIndex = 0; path = AutoLayouts.app; sourceTree = BUILT_PRODUCTS_DIR; };
		270030E82F3AF74C006ACAC9 /* AutoLayoutsTests.xctest */ = {isa = PBXFileReference; explicitFileType = wrapper.cfbundle; includeInIndex = 0; path = AutoLayoutsTests.xctest; sourceTree = BUILT_PRODUCTS_DIR; };
		270030F22F3AF74C006ACAC9 /* AutoLayoutsUITests.xctest */ = {isa = PBXFileReference; explicitFileType = wrapper.cfbundle; includeInIndex = 0; path = AutoLayoutsUITests.xctest; sourceTree = BUILT_PRODUCTS_DIR; };
/* End PBXFileReference section */

/* Begin PBXFileSystemSynchronizedBuildFileExceptionSet section */
		270030FA2F3AF74C006ACAC9 /* Exceptions for "AutoLayouts" folder in "AutoLayouts" target */ = {
			isa = PBXFileSystemSynchronizedBuildFileExceptionSet;
			membershipExceptions = (
				Info.plist,
			);
			target = 270030D12F3AF74A006ACAC9 /* AutoLayouts */;
		};
/* End PBXFileSystemSynchronizedBuildFileExceptionSet section */

/* Begin PBXFileSystemSynchronizedRootGroup section */
		270030D42F3AF74A006ACAC9 /* AutoLayouts */ = {
			isa = PBXFileSystemSynchronizedRootGroup;
			exceptions = (
				270030FA2F3AF74C006ACAC9 /* Exceptions for "AutoLayouts" folder in "AutoLayouts" target */,
			);
			path = AutoLayouts;
			sourceTree = "<group>";
		};
		270030EB2F3AF74C006ACAC9 /* AutoLayoutsTests */ = {
			isa = PBXFileSystemSynchronizedRootGroup;
			path = AutoLayoutsTests;
			sourceTree = "<group>";
		};
		270030F52F3AF74C006ACAC9 /* AutoLayoutsUITests */ = {
			isa = PBXFileSystemSynchronizedRootGroup;
			path = AutoLayoutsUITests;
			sourceTree = "<group>";
		};
/* End PBXFileSystemSynchronizedRootGroup section */

/* Begin PBXFrameworksBuildPhase section */
		270030CF2F3AF74A006ACAC9 /* Frameworks */ = {
			isa = PBXFrameworksBuildPhase;
			buildActionMask = 2147483647;
			files = (
			);
			runOnlyForDeploymentPostprocessing = 0;
		};
		270030E52F3AF74C006ACAC9 /* Frameworks */ = {
			isa = PBXFrameworksBuildPhase;
			buildActionMask = 2147483647;
			files = (
			);
			runOnlyForDeploymentPostprocessing = 0;
		};
		270030EF2F3AF74C006ACAC9 /* Frameworks */ = {
			isa = PBXFrameworksBuildPhase;
			buildActionMask = 2147483647;
			files = (
			);
			runOnlyForDeploymentPostprocessing = 0;
		};
/* End PBXFrameworksBuildPhase section */

/* Begin PBXGroup section */
		270030C92F3AF74A006ACAC9 = {
			isa = PBXGroup;
			children = (
				270030D42F3AF74A006ACAC9 /* AutoLayouts */,
				270030EB2F3AF74C006ACAC9 /* AutoLayoutsTests */,
				270030F52F3AF74C006ACAC9 /* AutoLayoutsUITests */,
				270030D32F3AF74A006ACAC9 /* Products */,
			);
			sourceTree = "<group>";
		};
		270030D32F3AF74A006ACAC9 /* Products */ = {
			isa = PBXGroup;
			children = (
				270030D22F3AF74A006ACAC9 /* AutoLayouts.app */,
				270030E82F3AF74C006ACAC9 /* AutoLayoutsTests.xctest */,
				270030F22F3AF74C006ACAC9 /* AutoLayoutsUITests.xctest */,
			);
			name = Products;
			sourceTree = "<group>";
		};
/* End PBXGroup section */

/* Begin PBXNativeTarget section */
		270030D12F3AF74A006ACAC9 /* AutoLayouts */ = {
			isa = PBXNativeTarget;
			buildConfigurationList = 270030FB2F3AF74C006ACAC9 /* Build configuration list for PBXNativeTarget "AutoLayouts" */;
			buildPhases = (
				270030CE2F3AF74A006ACAC9 /* Sources */,
				270030CF2F3AF74A006ACAC9 /* Frameworks */,
				270030D02F3AF74A006ACAC9 /* Resources */,
			);
			buildRules = (
			);
			dependencies = (
			);
			fileSystemSynchronizedGroups = (
				270030D42F3AF74A006ACAC9 /* AutoLayouts */,
			);
			name = AutoLayouts;
			packageProductDependencies = (
			);
			productName = AutoLayouts;
			productReference = 270030D22F3AF74A006ACAC9 /* AutoLayouts.app */;
			productType = "com.apple.product-type.application";
		};
		270030E72F3AF74C006ACAC9 /* AutoLayoutsTests */ = {
			isa = PBXNativeTarget;
			buildConfigurationList = 270031002F3AF74C006ACAC9 /* Build configuration list for PBXNativeTarget "AutoLayoutsTests" */;
			buildPhases = (
				270030E42F3AF74C006ACAC9 /* Sources */,
				270030E52F3AF74C006ACAC9 /* Frameworks */,
				270030E62F3AF74C006ACAC9 /* Resources */,
			);
			buildRules = (
			);
			dependencies = (
				270030EA2F3AF74C006ACAC9 /* PBXTargetDependency */,
			);
			fileSystemSynchronizedGroups = (
				270030EB2F3AF74C006ACAC9 /* AutoLayoutsTests */,
			);
			name = AutoLayoutsTests;
			packageProductDependencies = (
			);
			productName = AutoLayoutsTests;
			productReference = 270030E82F3AF74C006ACAC9 /* AutoLayoutsTests.xctest */;
			productType = "com.apple.product-type.bundle.unit-test";
		};
		270030F12F3AF74C006ACAC9 /* AutoLayoutsUITests */ = {
			isa = PBXNativeTarget;
			buildConfigurationList = 270031032F3AF74C006ACAC9 /* Build configuration list for PBXNativeTarget "AutoLayoutsUITests" */;
			buildPhases = (
				270030EE2F3AF74C006ACAC9 /* Sources */,
				270030EF2F3AF74C006ACAC9 /* Frameworks */,
				270030F02F3AF74C006ACAC9 /* Resources */,
			);
			buildRules = (
			);
			dependencies = (
				270030F42F3AF74C006ACAC9 /* PBXTargetDependency */,
			);
			fileSystemSynchronizedGroups = (
				270030F52F3AF74C006ACAC9 /* AutoLayoutsUITests */,
			);
			name = AutoLayoutsUITests;
			packageProductDependencies = (
			);
			productName = AutoLayoutsUITests;
			productReference = 270030F22F3AF74C006ACAC9 /* AutoLayoutsUITests.xctest */;
			productType = "com.apple.product-type.bundle.ui-testing";
		};
/* End PBXNativeTarget section */

/* Begin PBXProject section */
		270030CA2F3AF74A006ACAC9 /* Project object */ = {
			isa = PBXProject;
			attributes = {
				BuildIndependentTargetsInParallel = 1;
				LastSwiftUpdateCheck = 2620;
				LastUpgradeCheck = 2620;
				TargetAttributes = {
					270030D12F3AF74A006ACAC9 = {
						CreatedOnToolsVersion = 26.2;
					};
					270030E72F3AF74C006ACAC9 = {
						CreatedOnToolsVersion = 26.2;
						TestTargetID = 270030D12F3AF74A006ACAC9;
					};
					270030F12F3AF74C006ACAC9 = {
						CreatedOnToolsVersion = 26.2;
						TestTargetID = 270030D12F3AF74A006ACAC9;
					};
				};
			};
			buildConfigurationList = 270030CD2F3AF74A006ACAC9 /* Build configuration list for PBXProject "AutoLayouts" */;
			developmentRegion = en;
			hasScannedForEncodings = 0;
			knownRegions = (
				en,
				Base,
			);
			mainGroup = 270030C92F3AF74A006ACAC9;
			minimizedProjectReferenceProxies = 1;
			preferredProjectObjectVersion = 77;
			productRefGroup = 270030D32F3AF74A006ACAC9 /* Products */;
			projectDirPath = "";
			projectRoot = "";
			targets = (
				270030D12F3AF74A006ACAC9 /* AutoLayouts */,
				270030E72F3AF74C006ACAC9 /* AutoLayoutsTests */,
				270030F12F3AF74C006ACAC9 /* AutoLayoutsUITests */,
			);
		};
/* End PBXProject section */

/* Begin PBXResourcesBuildPhase section */
		270030D02F3AF74A006ACAC9 /* Resources */ = {
			isa = PBXResourcesBuildPhase;
			buildActionMask = 2147483647;
			files = (
			);
			runOnlyForDeploymentPostprocessing = 0;
		};
		270030E62F3AF74C006ACAC9 /* Resources */ = {
			isa = PBXResourcesBuildPhase;
			buildActionMask = 2147483647;
			files = (
			);
			runOnlyForDeploymentPostprocessing = 0;
		};
		270030F02F3AF74C006ACAC9 /* Resources */ = {
			isa = PBXResourcesBuildPhase;
			buildActionMask = 2147483647;
			files = (
			);
			runOnlyForDeploymentPostprocessing = 0;
		};
/* End PBXResourcesBuildPhase section */

/* Begin PBXSourcesBuildPhase section */
		270030CE2F3AF74A006ACAC9 /* Sources */ = {
			isa = PBXSourcesBuildPhase;
			buildActionMask = 2147483647;
			files = (
			);
			runOnlyForDeploymentPostprocessing = 0;
		};
		270030E42F3AF74C006ACAC9 /* Sources */ = {
			isa = PBXSourcesBuildPhase;
			buildActionMask = 2147483647;
			files = (
			);
			runOnlyForDeploymentPostprocessing = 0;
		};
		270030EE2F3AF74C006ACAC9 /* Sources */ = {
			isa = PBXSourcesBuildPhase;
			buildActionMask = 2147483647;
			files = (
			);
			runOnlyForDeploymentPostprocessing = 0;
		};
/* End PBXSourcesBuildPhase section */

/* Begin PBXTargetDependency section */
		270030EA2F3AF74C006ACAC9 /* PBXTargetDependency */ = {
			isa = PBXTargetDependency;
			target = 270030D12F3AF74A006ACAC9 /* AutoLayouts */;
			targetProxy = 270030E92F3AF74C006ACAC9 /* PBXContainerItemProxy */;
		};
		270030F42F3AF74C006ACAC9 /* PBXTargetDependency */ = {
			isa = PBXTargetDependency;
			target = 270030D12F3AF74A006ACAC9 /* AutoLayouts */;
			targetProxy = 270030F32F3AF74C006ACAC9 /* PBXContainerItemProxy */;
		};
/* End PBXTargetDependency section */

/* Begin XCBuildConfiguration section */
		270030FC2F3AF74C006ACAC9 /* Debug */ = {
			isa = XCBuildConfiguration;
			buildSettings = {
				ASSETCATALOG_COMPILER_APPICON_NAME = AppIcon;
				ASSETCATALOG_COMPILER_GLOBAL_ACCENT_COLOR_NAME = AccentColor;
				CODE_SIGN_STYLE = Automatic;
				CURRENT_PROJECT_VERSION = 1;
				DEVELOPMENT_TEAM = XA2WL57UDQ;
				GENERATE_INFOPLIST_FILE = YES;
				INFOPLIST_FILE = AutoLayouts/Info.plist;
				INFOPLIST_KEY_UIApplicationSupportsIndirectInputEvents = YES;
				INFOPLIST_KEY_UILaunchStoryboardName = LaunchScreen;
				INFOPLIST_KEY_UIMainStoryboardFile = Main;
				INFOPLIST_KEY_UISupportedInterfaceOrientations_iPad = "UIInterfaceOrientationPortrait UIInterfaceOrientationPortraitUpsideDown UIInterfaceOrientationLandscapeLeft UIInterfaceOrientationLandscapeRight";
				INFOPLIST_KEY_UISupportedInterfaceOrientations_iPhone = "UIInterfaceOrientationPortrait UIInterfaceOrientationLandscapeLeft UIInterfaceOrientationLandscapeRight";
				LD_RUNPATH_SEARCH_PATHS = (
					"$(inherited)",
					"@executable_path/Frameworks",
				);
				MARKETING_VERSION = 1.0;
				PRODUCT_BUNDLE_IDENTIFIER = com.Aftaab777.AutoLayouts;
				PRODUCT_NAME = "$(TARGET_NAME)";
				STRING_CATALOG_GENERATE_SYMBOLS = YES;
				SWIFT_APPROACHABLE_CONCURRENCY = YES;
				SWIFT_DEFAULT_ACTOR_ISOLATION = MainActor;
				SWIFT_EMIT_LOC_STRINGS = YES;
				SWIFT_UPCOMING_FEATURE_MEMBER_IMPORT_VISIBILITY = YES;
				SWIFT_VERSION = 5.0;
				TARGETED_DEVICE_FAMILY = "1,2";
			};
			name = Debug;
		};
		270030FD2F3AF74C006ACAC9 /* Release */ = {
			isa = XCBuildConfiguration;
			buildSettings = {
				ASSETCATALOG_COMPILER_APPICON_NAME = AppIcon;
				ASSETCATALOG_COMPILER_GLOBAL_ACCENT_COLOR_NAME = AccentColor;
				CODE_SIGN_STYLE = Automatic;
				CURRENT_PROJECT_VERSION = 1;
				DEVELOPMENT_TEAM = XA2WL57UDQ;
				GENERATE_INFOPLIST_FILE = YES;
				INFOPLIST_FILE = AutoLayouts/Info.plist;
				INFOPLIST_KEY_UIApplicationSupportsIndirectInputEvents = YES;
				INFOPLIST_KEY_UILaunchStoryboardName = LaunchScreen;
				INFOPLIST_KEY_UIMainStoryboardFile = Main;
				INFOPLIST_KEY_UISupportedInterfaceOrientations_iPad = "UIInterfaceOrientationPortrait UIInterfaceOrientationPortraitUpsideDown UIInterfaceOrientationLandscapeLeft UIInterfaceOrientationLandscapeRight";
				INFOPLIST_KEY_UISupportedInterfaceOrientations_iPhone = "UIInterfaceOrientationPortrait UIInterfaceOrientationLandscapeLeft UIInterfaceOrientationLandscapeRight";
				LD_RUNPATH_SEARCH_PATHS = (
					"$(inherited)",
					"@executable_path/Frameworks",
				);
				MARKETING_VERSION = 1.0;
				PRODUCT_BUNDLE_IDENTIFIER = com.Aftaab777.AutoLayouts;
				PRODUCT_NAME = "$(TARGET_NAME)";
				STRING_CATALOG_GENERATE_SYMBOLS = YES;
				SWIFT_APPROACHABLE_CONCURRENCY = YES;
				SWIFT_DEFAULT_ACTOR_ISOLATION = MainActor;
				SWIFT_EMIT_LOC_STRINGS = YES;
				SWIFT_UPCOMING_FEATURE_MEMBER_IMPORT_VISIBILITY = YES;
				SWIFT_VERSION = 5.0;
				TARGETED_DEVICE_FAMILY = "1,2";
			};
			name = Release;
		};
		270030FE2F3AF74C006ACAC9 /* Debug */ = {
			isa = XCBuildConfiguration;
			buildSettings = {
				ALWAYS_SEARCH_USER_PATHS = NO;
				ASSETCATALOG_COMPILER_GENERATE_SWIFT_ASSET_SYMBOL_EXTENSIONS = YES;
				CLANG_ANALYZER_NONNULL = YES;
				CLANG_ANALYZER_NUMBER_OBJECT_CONVERSION = YES_AGGRESSIVE;
				CLANG_CXX_LANGUAGE_STANDARD = "gnu++20";
				CLANG_ENABLE_MODULES = YES;
				CLANG_ENABLE_OBJC_ARC = YES;
				CLANG_ENABLE_OBJC_WEAK = YES;
				CLANG_WARN_BLOCK_CAPTURE_AUTORELEASING = YES;
				CLANG_WARN_BOOL_CONVERSION = YES;
				CLANG_WARN_COMMA = YES;
				CLANG_WARN_CONSTANT_CONVERSION = YES;
				CLANG_WARN_DEPRECATED_OBJC_IMPLEMENTATIONS = YES;
				CLANG_WARN_DIRECT_OBJC_ISA_USAGE = YES_ERROR;
				CLANG_WARN_DOCUMENTATION_COMMENTS = YES;
				CLANG_WARN_EMPTY_BODY = YES;
				CLANG_WARN_ENUM_CONVERSION = YES;
				CLANG_WARN_INFINITE_RECURSION = YES;
				CLANG_WARN_INT_CONVERSION = YES;
				CLANG_WARN_NON_LITERAL_NULL_CONVERSION = YES;
				CLANG_WARN_OBJC_IMPLICIT_RETAIN_SELF = YES;
				CLANG_WARN_OBJC_LITERAL_CONVERSION = YES;
				CLANG_WARN_OBJC_ROOT_CLASS = YES_ERROR;
				CLANG_WARN_QUOTED_INCLUDE_IN_FRAMEWORK_HEADER = YES;
				CLANG_WARN_RANGE_LOOP_ANALYSIS = YES;
				CLANG_WARN_STRICT_PROTOTYPES = YES;
				CLANG_WARN_SUSPICIOUS_MOVE = YES;
				CLANG_WARN_UNGUARDED_AVAILABILITY = YES_AGGRESSIVE;
				CLANG_WARN_UNREACHABLE_CODE = YES;
				CLANG_WARN__DUPLICATE_METHOD_MATCH = YES;
				COPY_PHASE_STRIP = NO;
				DEBUG_INFORMATION_FORMAT = dwarf;
				DEVELOPMENT_TEAM = XA2WL57UDQ;
				ENABLE_STRICT_OBJC_MSGSEND = YES;
				ENABLE_TESTABILITY = YES;
				ENABLE_USER_SCRIPT_SANDBOXING = YES;
				GCC_C_LANGUAGE_STANDARD = gnu17;
				GCC_DYNAMIC_NO_PIC = NO;
				GCC_NO_COMMON_BLOCKS = YES;
				GCC_OPTIMIZATION_LEVEL = 0;
				GCC_PREPROCESSOR_DEFINITIONS = (
					"DEBUG=1",
					"$(inherited)",
				);
				GCC_WARN_64_TO_32_BIT_CONVERSION = YES;
				GCC_WARN_ABOUT_RETURN_TYPE = YES_ERROR;
				GCC_WARN_UNDECLARED_SELECTOR = YES;
				GCC_WARN_UNINITIALIZED_AUTOS = YES_AGGRESSIVE;
				GCC_WARN_UNUSED_FUNCTION = YES;
				GCC_WARN_UNUSED_VARIABLE = YES;
				IPHONEOS_DEPLOYMENT_TARGET = 26.2;
				LOCALIZATION_PREFERS_STRING_CATALOGS = YES;
				MTL_ENABLE_DEBUG_INFO = INCLUDE_SOURCE;
				MTL_FAST_MATH = YES;
				ONLY_ACTIVE_ARCH = YES;
				SDKROOT = iphoneos;
				SWIFT_ACTIVE_COMPILATION_CONDITIONS = "DEBUG $(inherited)";
				SWIFT_OPTIMIZATION_LEVEL = "-Onone";
			};
			name = Debug;
		};
		270030FF2F3AF74C006ACAC9 /* Release */ = {
			isa = XCBuildConfiguration;
			buildSettings = {
				ALWAYS_SEARCH_USER_PATHS = NO;
				ASSETCATALOG_COMPILER_GENERATE_SWIFT_ASSET_SYMBOL_EXTENSIONS = YES;
				CLANG_ANALYZER_NONNULL = YES;
				CLANG_ANALYZER_NUMBER_OBJECT_CONVERSION = YES_AGGRESSIVE;
				CLANG_CXX_LANGUAGE_STANDARD = "gnu++20";
				CLANG_ENABLE_MODULES = YES;
				CLANG_ENABLE_OBJC_ARC = YES;
				CLANG_ENABLE_OBJC_WEAK = YES;
				CLANG_WARN_BLOCK_CAPTURE_AUTORELEASING = YES;
				CLANG_WARN_BOOL_CONVERSION = YES;
				CLANG_WARN_COMMA = YES;
				CLANG_WARN_CONSTANT_CONVERSION = YES;
				CLANG_WARN_DEPRECATED_OBJC_IMPLEMENTATIONS = YES;
				CLANG_WARN_DIRECT_OBJC_ISA_USAGE = YES_ERROR;
				CLANG_WARN_DOCUMENTATION_COMMENTS = YES;
				CLANG_WARN_EMPTY_BODY = YES;
				CLANG_WARN_ENUM_CONVERSION = YES;
				CLANG_WARN_INFINITE_RECURSION = YES;
				CLANG_WARN_INT_CONVERSION = YES;
				CLANG_WARN_NON_LITERAL_NULL_CONVERSION = YES;
				CLANG_WARN_OBJC_IMPLICIT_RETAIN_SELF = YES;
				CLANG_WARN_OBJC_LITERAL_CONVERSION = YES;
				CLANG_WARN_OBJC_ROOT_CLASS = YES_ERROR;
				CLANG_WARN_QUOTED_INCLUDE_IN_FRAMEWORK_HEADER = YES;
				CLANG_WARN_RANGE_LOOP_ANALYSIS = YES;
				CLANG_WARN_STRICT_PROTOTYPES = YES;
				CLANG_WARN_SUSPICIOUS_MOVE = YES;
				CLANG_WARN_UNGUARDED_AVAILABILITY = YES_AGGRESSIVE;
				CLANG_WARN_UNREACHABLE_CODE = YES;
				CLANG_WARN__DUPLICATE_METHOD_MATCH = YES;
				COPY_PHASE_STRIP = NO;
				DEBUG_INFORMATION_FORMAT = "dwarf-with-dsym";
				DEVELOPMENT_TEAM = XA2WL57UDQ;
				ENABLE_NS_ASSERTIONS = NO;
				ENABLE_STRICT_OBJC_MSGSEND = YES;
				ENABLE_USER_SCRIPT_SANDBOXING = YES;
				GCC_C_LANGUAGE_STANDARD = gnu17;
				GCC_NO_COMMON_BLOCKS = YES;
				GCC_WARN_64_TO_32_BIT_CONVERSION = YES;
				GCC_WARN_ABOUT_RETURN_TYPE = YES_ERROR;
				GCC_WARN_UNDECLARED_SELECTOR = YES;
				GCC_WARN_UNINITIALIZED_AUTOS = YES_AGGRESSIVE;
				GCC_WARN_UNUSED_FUNCTION = YES;
				GCC_WARN_UNUSED_VARIABLE = YES;
				IPHONEOS_DEPLOYMENT_TARGET = 26.2;
				LOCALIZATION_PREFERS_STRING_CATALOGS = YES;
				MTL_ENABLE_DEBUG_INFO = NO;
				MTL_FAST_MATH = YES;
				SDKROOT = iphoneos;
				SWIFT_COMPILATION_MODE = wholemodule;
				VALIDATE_PRODUCT = YES;
			};
			name = Release;
		};
		270031012F3AF74C006ACAC9 /* Debug */ = {
			isa = XCBuildConfiguration;
			buildSettings = {
				BUNDLE_LOADER = "$(TEST_HOST)";
				CODE_SIGN_STYLE = Automatic;
				CURRENT_PROJECT_VERSION = 1;
				DEVELOPMENT_TEAM = XA2WL57UDQ;
				GENERATE_INFOPLIST_FILE = YES;
				IPHONEOS_DEPLOYMENT_TARGET = 26.2;
				MARKETING_VERSION = 1.0;
				PRODUCT_BUNDLE_IDENTIFIER = com.Aftaab777.AutoLayoutsTests;
				PRODUCT_NAME = "$(TARGET_NAME)";
				STRING_CATALOG_GENERATE_SYMBOLS = NO;
				SWIFT_APPROACHABLE_CONCURRENCY = YES;
				SWIFT_EMIT_LOC_STRINGS = NO;
				SWIFT_UPCOMING_FEATURE_MEMBER_IMPORT_VISIBILITY = YES;
				SWIFT_VERSION = 5.0;
				TARGETED_DEVICE_FAMILY = "1,2";
				TEST_HOST = "$(BUILT_PRODUCTS_DIR)/AutoLayouts.app/$(BUNDLE_EXECUTABLE_FOLDER_PATH)/AutoLayouts";
			};
			name = Debug;
		};
		270031022F3AF74C006ACAC9 /* Release */ = {
			isa = XCBuildConfiguration;
			buildSettings = {
				BUNDLE_LOADER = "$(TEST_HOST)";
				CODE_SIGN_STYLE = Automatic;
				CURRENT_PROJECT_VERSION = 1;
				DEVELOPMENT_TEAM = XA2WL57UDQ;
				GENERATE_INFOPLIST_FILE = YES;
				IPHONEOS_DEPLOYMENT_TARGET = 26.2;
				MARKETING_VERSION = 1.0;
				PRODUCT_BUNDLE_IDENTIFIER = com.Aftaab777.AutoLayoutsTests;
				PRODUCT_NAME = "$(TARGET_NAME)";
				STRING_CATALOG_GENERATE_SYMBOLS = NO;
				SWIFT_APPROACHABLE_CONCURRENCY = YES;
				SWIFT_EMIT_LOC_STRINGS = NO;
				SWIFT_UPCOMING_FEATURE_MEMBER_IMPORT_VISIBILITY = YES;
				SWIFT_VERSION = 5.0;
				TARGETED_DEVICE_FAMILY = "1,2";
				TEST_HOST = "$(BUILT_PRODUCTS_DIR)/AutoLayouts.app/$(BUNDLE_EXECUTABLE_FOLDER_PATH)/AutoLayouts";
			};
			name = Release;
		};
		270031042F3AF74C006ACAC9 /* Debug */ = {
			isa = XCBuildConfiguration;
			buildSettings = {
				CODE_SIGN_STYLE = Automatic;
				CURRENT_PROJECT_VERSION = 1;
				DEVELOPMENT_TEAM = XA2WL57UDQ;
				GENERATE_INFOPLIST_FILE = YES;
				MARKETING_VERSION = 1.0;
				PRODUCT_BUNDLE_IDENTIFIER = com.Aftaab777.AutoLayoutsUITests;
				PRODUCT_NAME = "$(TARGET_NAME)";
				STRING_CATALOG_GENERATE_SYMBOLS = NO;
				SWIFT_APPROACHABLE_CONCURRENCY = YES;
				SWIFT_EMIT_LOC_STRINGS = NO;
				SWIFT_UPCOMING_FEATURE_MEMBER_IMPORT_VISIBILITY = YES;
				SWIFT_VERSION = 5.0;
				TARGETED_DEVICE_FAMILY = "1,2";
				TEST_TARGET_NAME = AutoLayouts;
			};
			name = Debug;
		};
		270031052F3AF74C006ACAC9 /* Release */ = {
			isa = XCBuildConfiguration;
			buildSettings = {
				CODE_SIGN_STYLE = Automatic;
				CURRENT_PROJECT_VERSION = 1;
				DEVELOPMENT_TEAM = XA2WL57UDQ;
				GENERATE_INFOPLIST_FILE = YES;
				MARKETING_VERSION = 1.0;
				PRODUCT_BUNDLE_IDENTIFIER = com.Aftaab777.AutoLayoutsUITests;
				PRODUCT_NAME = "$(TARGET_NAME)";
				STRING_CATALOG_GENERATE_SYMBOLS = NO;
				SWIFT_APPROACHABLE_CONCURRENCY = YES;
				SWIFT_EMIT_LOC_STRINGS = NO;
				SWIFT_UPCOMING_FEATURE_MEMBER_IMPORT_VISIBILITY = YES;
				SWIFT_VERSION = 5.0;
				TARGETED_DEVICE_FAMILY = "1,2";
				TEST_TARGET_NAME = AutoLayouts;
			};
			name = Release;
		};
/* End XCBuildConfiguration section */

/* Begin XCConfigurationList section */
		270030CD2F3AF74A006ACAC9 /* Build configuration list for PBXProject "AutoLayouts" */ = {
			isa = XCConfigurationList;
			buildConfigurations = (
				270030FE2F3AF74C006ACAC9 /* Debug */,
				270030FF2F3AF74C006ACAC9 /* Release */,
			);
			defaultConfigurationIsVisible = 0;
			defaultConfigurationName = Release;
		};
		270030FB2F3AF74C006ACAC9 /* Build configuration list for PBXNativeTarget "AutoLayouts" */ = {
			isa = XCConfigurationList;
			buildConfigurations = (
				270030FC2F3AF74C006ACAC9 /* Debug */,
				270030FD2F3AF74C006ACAC9 /* Release */,
			);
			defaultConfigurationIsVisible = 0;
			defaultConfigurationName = Release;
		};
		270031002F3AF74C006ACAC9 /* Build configuration list for PBXNativeTarget "AutoLayoutsTests" */ = {
			isa = XCConfigurationList;
			buildConfigurations = (
				270031012F3AF74C006ACAC9 /* Debug */,
				270031022F3AF74C006ACAC9 /* Release */,
			);
			defaultConfigurationIsVisible = 0;
			defaultConfigurationName = Release;
		};
		270031032F3AF74C006ACAC9 /* Build configuration list for PBXNativeTarget "AutoLayoutsUITests" */ = {
			isa = XCConfigurationList;
			buildConfigurations = (
				270031042F3AF74C006ACAC9 /* Debug */,
				270031052F3AF74C006ACAC9 /* Release */,
			);
			defaultConfigurationIsVisible = 0;
			defaultConfigurationName = Release;
		};
/* End XCConfigurationList section */
	};
	rootObject = 270030CA2F3AF74A006ACAC9 /* Project object */;
}
